// !$*UTF8*$!
{
	archiveVersion = 1;
	classes = {
	};
	objectVersion = 55;
	objects = {

/* Begin PBXBuildFile section */
		123D0F1427421FB400C89144 /* Assets.xcassets in Resources */ = {isa = PBXBuildFile; fileRef = 123D0F1327421FB400C89144 /* Assets.xcassets */; };
		123D0F1727421FB400C89144 /* Preview Assets.xcassets in Resources */ = {isa = PBXBuildFile; fileRef = 123D0F1627421FB400C89144 /* Preview Assets.xcassets */; };
		1261ADDC2744D1DD00157FAF /* App.swift in Sources */ = {isa = PBXBuildFile; fileRef = 123D0F1127421FB200C89144 /* App.swift */; };
		1261ADE42744FB0100157FAF /* App.swift in Sources */ = {isa = PBXBuildFile; fileRef = 1261ADE32744FB0100157FAF /* App.swift */; };
		1261ADE82744FB0300157FAF /* Assets.xcassets in Resources */ = {isa = PBXBuildFile; fileRef = 1261ADE72744FB0300157FAF /* Assets.xcassets */; };
		1261ADEB2744FB0300157FAF /* Preview Assets.xcassets in Resources */ = {isa = PBXBuildFile; fileRef = 1261ADEA2744FB0300157FAF /* Preview Assets.xcassets */; };
		1261ADF8274618E100157FAF /* App.swift in Sources */ = {isa = PBXBuildFile; fileRef = 1261ADF7274618E100157FAF /* App.swift */; };
		1261ADFC274618E300157FAF /* Assets.xcassets in Resources */ = {isa = PBXBuildFile; fileRef = 1261ADFB274618E300157FAF /* Assets.xcassets */; };
		1261ADFF274618E300157FAF /* Preview Assets.xcassets in Resources */ = {isa = PBXBuildFile; fileRef = 1261ADFE274618E300157FAF /* Preview Assets.xcassets */; };
		129F9E7D273F832C0046E1E3 /* App.swift in Sources */ = {isa = PBXBuildFile; fileRef = 129F9E7C273F832C0046E1E3 /* App.swift */; };
		129F9E81273F832D0046E1E3 /* Assets.xcassets in Resources */ = {isa = PBXBuildFile; fileRef = 129F9E80273F832D0046E1E3 /* Assets.xcassets */; };
		129F9E84273F832D0046E1E3 /* Preview Assets.xcassets in Resources */ = {isa = PBXBuildFile; fileRef = 129F9E83273F832D0046E1E3 /* Preview Assets.xcassets */; };
		129F9E94273F85A30046E1E3 /* Assets.xcassets in Resources */ = {isa = PBXBuildFile; fileRef = 129F9E93273F85A30046E1E3 /* Assets.xcassets */; };
		129F9E97273F85A30046E1E3 /* Preview Assets.xcassets in Resources */ = {isa = PBXBuildFile; fileRef = 129F9E96273F85A30046E1E3 /* Preview Assets.xcassets */; };
/* End PBXBuildFile section */

/* Begin PBXFileReference section */
		123D0F0D27421FB200C89144 /* Fragments.app */ = {isa = PBXFileReference; explicitFileType = wrapper.application; includeInIndex = 0; path = Fragments.app; sourceTree = BUILT_PRODUCTS_DIR; };
		123D0F1127421FB200C89144 /* App.swift */ = {isa = PBXFileReference; lastKnownFileType = sourcecode.swift; path = App.swift; sourceTree = "<group>"; };
		123D0F1327421FB400C89144 /* Assets.xcassets */ = {isa = PBXFileReference; lastKnownFileType = folder.assetcatalog; path = Assets.xcassets; sourceTree = "<group>"; };
		123D0F1627421FB400C89144 /* Preview Assets.xcassets */ = {isa = PBXFileReference; lastKnownFileType = folder.assetcatalog; path = "Preview Assets.xcassets"; sourceTree = "<group>"; };
		123D0F1827421FB400C89144 /* Fragments.entitlements */ = {isa = PBXFileReference; lastKnownFileType = text.plist.entitlements; path = Fragments.entitlements; sourceTree = "<group>"; };
		123D0F1C274220AA00C89144 /* PlayerV.swift */ = {isa = PBXFileReference; lastKnownFileType = sourcecode.swift; path = PlayerV.swift; sourceTree = "<group>"; };
		123D0F202744887700C89144 /* Info.plist */ = {isa = PBXFileReference; lastKnownFileType = text.plist; path = Info.plist; sourceTree = "<group>"; };
		1261ADE12744FB0100157FAF /* QueuePlayer.app */ = {isa = PBXFileReference; explicitFileType = wrapper.application; includeInIndex = 0; path = QueuePlayer.app; sourceTree = BUILT_PRODUCTS_DIR; };
		1261ADE32744FB0100157FAF /* App.swift */ = {isa = PBXFileReference; lastKnownFileType = sourcecode.swift; path = App.swift; sourceTree = "<group>"; };
		1261ADE72744FB0300157FAF /* Assets.xcassets */ = {isa = PBXFileReference; lastKnownFileType = folder.assetcatalog; path = Assets.xcassets; sourceTree = "<group>"; };
		1261ADEA2744FB0300157FAF /* Preview Assets.xcassets */ = {isa = PBXFileReference; lastKnownFileType = folder.assetcatalog; path = "Preview Assets.xcassets"; sourceTree = "<group>"; };
		1261ADEC2744FB0300157FAF /* QueuePlayer.entitlements */ = {isa = PBXFileReference; lastKnownFileType = text.plist.entitlements; path = QueuePlayer.entitlements; sourceTree = "<group>"; };
		1261ADF5274618E100157FAF /* NHK.app */ = {isa = PBXFileReference; explicitFileType = wrapper.application; includeInIndex = 0; path = NHK.app; sourceTree = BUILT_PRODUCTS_DIR; };
		1261ADF7274618E100157FAF /* App.swift */ = {isa = PBXFileReference; lastKnownFileType = sourcecode.swift; path = App.swift; sourceTree = "<group>"; };
		1261ADFB274618E300157FAF /* Assets.xcassets */ = {isa = PBXFileReference; lastKnownFileType = folder.assetcatalog; path = Assets.xcassets; sourceTree = "<group>"; };
		1261ADFE274618E300157FAF /* Preview Assets.xcassets */ = {isa = PBXFileReference; lastKnownFileType = folder.assetcatalog; path = "Preview Assets.xcassets"; sourceTree = "<group>"; };
		1261AE00274618E300157FAF /* NHK.entitlements */ = {isa = PBXFileReference; lastKnownFileType = text.plist.entitlements; path = NHK.entitlements; sourceTree = "<group>"; };
		129F9E7A273F832C0046E1E3 /* macOS.app */ = {isa = PBXFileReference; explicitFileType = wrapper.application; includeInIndex = 0; path = macOS.app; sourceTree = BUILT_PRODUCTS_DIR; };
		129F9E7C273F832C0046E1E3 /* App.swift */ = {isa = PBXFileReference; lastKnownFileType = sourcecode.swift; path = App.swift; sourceTree = "<group>"; };
		129F9E80273F832D0046E1E3 /* Assets.xcassets */ = {isa = PBXFileReference; lastKnownFileType = folder.assetcatalog; path = Assets.xcassets; sourceTree = "<group>"; };
		129F9E83273F832D0046E1E3 /* Preview Assets.xcassets */ = {isa = PBXFileReference; lastKnownFileType = folder.assetcatalog; path = "Preview Assets.xcassets"; sourceTree = "<group>"; };
		129F9E85273F832D0046E1E3 /* macOS.entitlements */ = {isa = PBXFileReference; lastKnownFileType = text.plist.entitlements; path = macOS.entitlements; sourceTree = "<group>"; };
		129F9E8D273F85A10046E1E3 /* Comparator.app */ = {isa = PBXFileReference; explicitFileType = wrapper.application; includeInIndex = 0; path = Comparator.app; sourceTree = BUILT_PRODUCTS_DIR; };
		129F9E8F273F85A10046E1E3 /* App.swift */ = {isa = PBXFileReference; lastKnownFileType = sourcecode.swift; path = App.swift; sourceTree = "<group>"; };
		129F9E93273F85A30046E1E3 /* Assets.xcassets */ = {isa = PBXFileReference; lastKnownFileType = folder.assetcatalog; path = Assets.xcassets; sourceTree = "<group>"; };
		129F9E96273F85A30046E1E3 /* Preview Assets.xcassets */ = {isa = PBXFileReference; lastKnownFileType = folder.assetcatalog; path = "Preview Assets.xcassets"; sourceTree = "<group>"; };
		129F9E98273F85A30046E1E3 /* Comparator.entitlements */ = {isa = PBXFileReference; lastKnownFileType = text.plist.entitlements; path = Comparator.entitlements; sourceTree = "<group>"; };
/* End PBXFileReference section */

/* Begin PBXFrameworksBuildPhase section */
		123D0F0A27421FB200C89144 /* Frameworks */ = {
			isa = PBXFrameworksBuildPhase;
			buildActionMask = 2147483647;
			files = (
			);
			runOnlyForDeploymentPostprocessing = 0;
		};
		1261ADDE2744FB0100157FAF /* Frameworks */ = {
			isa = PBXFrameworksBuildPhase;
			buildActionMask = 2147483647;
			files = (
			);
			runOnlyForDeploymentPostprocessing = 0;
		};
		1261ADF2274618E100157FAF /* Frameworks */ = {
			isa = PBXFrameworksBuildPhase;
			buildActionMask = 2147483647;
			files = (
			);
			runOnlyForDeploymentPostprocessing = 0;
		};
		129F9E77273F832C0046E1E3 /* Frameworks */ = {
			isa = PBXFrameworksBuildPhase;
			buildActionMask = 2147483647;
			files = (
			);
			runOnlyForDeploymentPostprocessing = 0;
		};
		129F9E8A273F85A10046E1E3 /* Frameworks */ = {
			isa = PBXFrameworksBuildPhase;
			buildActionMask = 2147483647;
			files = (
			);
			runOnlyForDeploymentPostprocessing = 0;
		};
/* End PBXFrameworksBuildPhase section */

/* Begin PBXGroup section */
		123D0F0E27421FB200C89144 /* Fragments */ = {
			isa = PBXGroup;
			children = (
				123D0F202744887700C89144 /* Info.plist */,
				123D0F1127421FB200C89144 /* App.swift */,
				123D0F1327421FB400C89144 /* Assets.xcassets */,
				123D0F1827421FB400C89144 /* Fragments.entitlements */,
				123D0F1527421FB400C89144 /* Preview Content */,
			);
			path = Fragments;
			sourceTree = "<group>";
		};
		123D0F1527421FB400C89144 /* Preview Content */ = {
			isa = PBXGroup;
			children = (
				123D0F1627421FB400C89144 /* Preview Assets.xcassets */,
			);
			path = "Preview Content";
			sourceTree = "<group>";
		};
		124BC948273A80F400F4C135 = {
			isa = PBXGroup;
			children = (
				123D0F1C274220AA00C89144 /* PlayerV.swift */,
				129F9E7B273F832C0046E1E3 /* macOS */,
				129F9E8E273F85A10046E1E3 /* Comparator */,
				123D0F0E27421FB200C89144 /* Fragments */,
				1261ADE22744FB0100157FAF /* QueuePlayer */,
				1261ADF6274618E100157FAF /* NHK */,
				124BC952273A80F400F4C135 /* Products */,
			);
			sourceTree = "<group>";
		};
		124BC952273A80F400F4C135 /* Products */ = {
			isa = PBXGroup;
			children = (
				129F9E7A273F832C0046E1E3 /* macOS.app */,
				129F9E8D273F85A10046E1E3 /* Comparator.app */,
				123D0F0D27421FB200C89144 /* Fragments.app */,
				1261ADE12744FB0100157FAF /* QueuePlayer.app */,
				1261ADF5274618E100157FAF /* NHK.app */,
			);
			name = Products;
			sourceTree = "<group>";
		};
		1261ADE22744FB0100157FAF /* QueuePlayer */ = {
			isa = PBXGroup;
			children = (
				1261ADE32744FB0100157FAF /* App.swift */,
				1261ADE72744FB0300157FAF /* Assets.xcassets */,
				1261ADEC2744FB0300157FAF /* QueuePlayer.entitlements */,
				1261ADE92744FB0300157FAF /* Preview Content */,
			);
			path = QueuePlayer;
			sourceTree = "<group>";
		};
		1261ADE92744FB0300157FAF /* Preview Content */ = {
			isa = PBXGroup;
			children = (
				1261ADEA2744FB0300157FAF /* Preview Assets.xcassets */,
			);
			path = "Preview Content";
			sourceTree = "<group>";
		};
		1261ADF6274618E100157FAF /* NHK */ = {
			isa = PBXGroup;
			children = (
				1261ADF7274618E100157FAF /* App.swift */,
				1261ADFB274618E300157FAF /* Assets.xcassets */,
				1261AE00274618E300157FAF /* NHK.entitlements */,
				1261ADFD274618E300157FAF /* Preview Content */,
			);
			path = NHK;
			sourceTree = "<group>";
		};
		1261ADFD274618E300157FAF /* Preview Content */ = {
			isa = PBXGroup;
			children = (
				1261ADFE274618E300157FAF /* Preview Assets.xcassets */,
			);
			path = "Preview Content";
			sourceTree = "<group>";
		};
		129F9E7B273F832C0046E1E3 /* macOS */ = {
			isa = PBXGroup;
			children = (
				129F9E7C273F832C0046E1E3 /* App.swift */,
				129F9E80273F832D0046E1E3 /* Assets.xcassets */,
				129F9E85273F832D0046E1E3 /* macOS.entitlements */,
				129F9E82273F832D0046E1E3 /* Preview Content */,
			);
			path = macOS;
			sourceTree = "<group>";
		};
		129F9E82273F832D0046E1E3 /* Preview Content */ = {
			isa = PBXGroup;
			children = (
				129F9E83273F832D0046E1E3 /* Preview Assets.xcassets */,
			);
			path = "Preview Content";
			sourceTree = "<group>";
		};
		129F9E8E273F85A10046E1E3 /* Comparator */ = {
			isa = PBXGroup;
			children = (
				129F9E8F273F85A10046E1E3 /* App.swift */,
				129F9E93273F85A30046E1E3 /* Assets.xcassets */,
				129F9E98273F85A30046E1E3 /* Comparator.entitlements */,
				129F9E95273F85A30046E1E3 /* Preview Content */,
			);
			path = Comparator;
			sourceTree = "<group>";
		};
		129F9E95273F85A30046E1E3 /* Preview Content */ = {
			isa = PBXGroup;
			children = (
				129F9E96273F85A30046E1E3 /* Preview Assets.xcassets */,
			);
			path = "Preview Content";
			sourceTree = "<group>";
		};
/* End PBXGroup section */

/* Begin PBXNativeTarget section */
		123D0F0C27421FB200C89144 /* Fragments */ = {
			isa = PBXNativeTarget;
			buildConfigurationList = 123D0F1B27421FB400C89144 /* Build configuration list for PBXNativeTarget "Fragments" */;
			buildPhases = (
				123D0F0927421FB200C89144 /* Sources */,
				123D0F0A27421FB200C89144 /* Frameworks */,
				123D0F0B27421FB200C89144 /* Resources */,
			);
			buildRules = (
			);
			dependencies = (
			);
			name = Fragments;
			productName = Fragments;
			productReference = 123D0F0D27421FB200C89144 /* Fragments.app */;
			productType = "com.apple.product-type.application";
		};
		1261ADE02744FB0100157FAF /* QueuePlayer */ = {
			isa = PBXNativeTarget;
			buildConfigurationList = 1261ADED2744FB0300157FAF /* Build configuration list for PBXNativeTarget "QueuePlayer" */;
			buildPhases = (
				1261ADDD2744FB0100157FAF /* Sources */,
				1261ADDE2744FB0100157FAF /* Frameworks */,
				1261ADDF2744FB0100157FAF /* Resources */,
			);
			buildRules = (
			);
			dependencies = (
			);
			name = QueuePlayer;
			productName = QueuePlayer;
			productReference = 1261ADE12744FB0100157FAF /* QueuePlayer.app */;
			productType = "com.apple.product-type.application";
		};
		1261ADF4274618E100157FAF /* NHK */ = {
			isa = PBXNativeTarget;
			buildConfigurationList = 1261AE01274618E300157FAF /* Build configuration list for PBXNativeTarget "NHK" */;
			buildPhases = (
				1261ADF1274618E100157FAF /* Sources */,
				1261ADF2274618E100157FAF /* Frameworks */,
				1261ADF3274618E100157FAF /* Resources */,
			);
			buildRules = (
			);
			dependencies = (
			);
			name = NHK;
			productName = NHK;
			productReference = 1261ADF5274618E100157FAF /* NHK.app */;
			productType = "com.apple.product-type.application";
		};
		129F9E79273F832C0046E1E3 /* macOS */ = {
			isa = PBXNativeTarget;
			buildConfigurationList = 129F9E88273F832D0046E1E3 /* Build configuration list for PBXNativeTarget "macOS" */;
			buildPhases = (
				129F9E76273F832C0046E1E3 /* Sources */,
				129F9E77273F832C0046E1E3 /* Frameworks */,
				129F9E78273F832C0046E1E3 /* Resources */,
			);
			buildRules = (
			);
			dependencies = (
			);
			name = macOS;
			productName = macOS;
			productReference = 129F9E7A273F832C0046E1E3 /* macOS.app */;
			productType = "com.apple.product-type.application";
		};
		129F9E8C273F85A10046E1E3 /* Comparator */ = {
			isa = PBXNativeTarget;
			buildConfigurationList = 129F9E99273F85A30046E1E3 /* Build configuration list for PBXNativeTarget "Comparator" */;
			buildPhases = (
				129F9E89273F85A10046E1E3 /* Sources */,
				129F9E8A273F85A10046E1E3 /* Frameworks */,
				129F9E8B273F85A10046E1E3 /* Resources */,
			);
			buildRules = (
			);
			dependencies = (
			);
			name = Comparator;
			productName = Comparator;
			productReference = 129F9E8D273F85A10046E1E3 /* Comparator.app */;
			productType = "com.apple.product-type.application";
		};
/* End PBXNativeTarget section */

/* Begin PBXProject section */
		124BC949273A80F400F4C135 /* Project object */ = {
			isa = PBXProject;
			attributes = {
				BuildIndependentTargetsInParallel = 1;
				LastSwiftUpdateCheck = 1310;
				LastUpgradeCheck = 1310;
				TargetAttributes = {
					123D0F0C27421FB200C89144 = {
						CreatedOnToolsVersion = 13.1;
					};
					1261ADE02744FB0100157FAF = {
						CreatedOnToolsVersion = 13.1;
					};
					1261ADF4274618E100157FAF = {
						CreatedOnToolsVersion = 13.1;
					};
					129F9E79273F832C0046E1E3 = {
						CreatedOnToolsVersion = 13.1;
					};
					129F9E8C273F85A10046E1E3 = {
						CreatedOnToolsVersion = 13.1;
					};
				};
			};
			buildConfigurationList = 124BC94C273A80F400F4C135 /* Build configuration list for PBXProject "Videos" */;
			compatibilityVersion = "Xcode 13.0";
			developmentRegion = en;
			hasScannedForEncodings = 0;
			knownRegions = (
				en,
				Base,
			);
			mainGroup = 124BC948273A80F400F4C135;
			productRefGroup = 124BC952273A80F400F4C135 /* Products */;
			projectDirPath = "";
			projectRoot = "";
			targets = (
				129F9E79273F832C0046E1E3 /* macOS */,
				129F9E8C273F85A10046E1E3 /* Comparator */,
				123D0F0C27421FB200C89144 /* Fragments */,
				1261ADE02744FB0100157FAF /* QueuePlayer */,
				1261ADF4274618E100157FAF /* NHK */,
			);
		};
/* End PBXProject section */

/* Begin PBXResourcesBuildPhase section */
		123D0F0B27421FB200C89144 /* Resources */ = {
			isa = PBXResourcesBuildPhase;
			buildActionMask = 2147483647;
			files = (
				123D0F1727421FB400C89144 /* Preview Assets.xcassets in Resources */,
				123D0F1427421FB400C89144 /* Assets.xcassets in Resources */,
			);
			runOnlyForDeploymentPostprocessing = 0;
		};
		1261ADDF2744FB0100157FAF /* Resources */ = {
			isa = PBXResourcesBuildPhase;
			buildActionMask = 2147483647;
			files = (
				1261ADEB2744FB0300157FAF /* Preview Assets.xcassets in Resources */,
				1261ADE82744FB0300157FAF /* Assets.xcassets in Resources */,
			);
			runOnlyForDeploymentPostprocessing = 0;
		};
		1261ADF3274618E100157FAF /* Resources */ = {
			isa = PBXResourcesBuildPhase;
			buildActionMask = 2147483647;
			files = (
				1261ADFF274618E300157FAF /* Preview Assets.xcassets in Resources */,
				1261ADFC274618E300157FAF /* Assets.xcassets in Resources */,
			);
			runOnlyForDeploymentPostprocessing = 0;
		};
		129F9E78273F832C0046E1E3 /* Resources */ = {
			isa = PBXResourcesBuildPhase;
			buildActionMask = 2147483647;
			files = (
				129F9E84273F832D0046E1E3 /* Preview Assets.xcassets in Resources */,
				129F9E81273F832D0046E1E3 /* Assets.xcassets in Resources */,
			);
			runOnlyForDeploymentPostprocessing = 0;
		};
		129F9E8B273F85A10046E1E3 /* Resources */ = {
			isa = PBXResourcesBuildPhase;
			buildActionMask = 2147483647;
			files = (
				129F9E97273F85A30046E1E3 /* Preview Assets.xcassets in Resources */,
				129F9E94273F85A30046E1E3 /* Assets.xcassets in Resources */,
			);
			runOnlyForDeploymentPostprocessing = 0;
		};
/* End PBXResourcesBuildPhase section */

/* Begin PBXSourcesBuildPhase section */
		123D0F0927421FB200C89144 /* Sources */ = {
			isa = PBXSourcesBuildPhase;
			buildActionMask = 2147483647;
			files = (
				1261ADDC2744D1DD00157FAF /* App.swift in Sources */,
			);
			runOnlyForDeploymentPostprocessing = 0;
		};
		1261ADDD2744FB0100157FAF /* Sources */ = {
			isa = PBXSourcesBuildPhase;
			buildActionMask = 2147483647;
			files = (
				1261ADE42744FB0100157FAF /* App.swift in Sources */,
			);
			runOnlyForDeploymentPostprocessing = 0;
		};
		1261ADF1274618E100157FAF /* Sources */ = {
			isa = PBXSourcesBuildPhase;
			buildActionMask = 2147483647;
			files = (
				1261ADF8274618E100157FAF /* App.swift in Sources */,
			);
			runOnlyForDeploymentPostprocessing = 0;
		};
		129F9E76273F832C0046E1E3 /* Sources */ = {
			isa = PBXSourcesBuildPhase;
			buildActionMask = 2147483647;
			files = (
				129F9E7D273F832C0046E1E3 /* App.swift in Sources */,
			);
			runOnlyForDeploymentPostprocessing = 0;
		};
		129F9E89273F85A10046E1E3 /* Sources */ = {
			isa = PBXSourcesBuildPhase;
			buildActionMask = 2147483647;
			files = (
			);
			runOnlyForDeploymentPostprocessing = 0;
		};
/* End PBXSourcesBuildPhase section */

/* Begin XCBuildConfiguration section */
		123D0F1927421FB400C89144 /* Debug */ = {
			isa = XCBuildConfiguration;
			buildSettings = {
				ASSETCATALOG_COMPILER_APPICON_NAME = AppIcon;
				ASSETCATALOG_COMPILER_GLOBAL_ACCENT_COLOR_NAME = AccentColor;
				CODE_SIGN_ENTITLEMENTS = Fragments/Fragments.entitlements;
				CODE_SIGN_IDENTITY = "-";
				CODE_SIGN_STYLE = Automatic;
				COMBINE_HIDPI_IMAGES = YES;
				CURRENT_PROJECT_VERSION = 1;
				DEVELOPMENT_ASSET_PATHS = "\"Fragments/Preview Content\"";
				DEVELOPMENT_TEAM = 42D35TL6R9;
				ENABLE_HARDENED_RUNTIME = YES;
				ENABLE_PREVIEWS = YES;
				GENERATE_INFOPLIST_FILE = YES;
				INFOPLIST_FILE = Fragments/Info.plist;
				INFOPLIST_KEY_NSHumanReadableCopyright = "";
				LD_RUNPATH_SEARCH_PATHS = (
					"$(inherited)",
					"@executable_path/../Frameworks",
				);
				MACOSX_DEPLOYMENT_TARGET = 12.0;
				MARKETING_VERSION = 1.0;
				PRODUCT_BUNDLE_IDENTIFIER = tokyo.828.Fragments;
				PRODUCT_NAME = "$(TARGET_NAME)";
				SWIFT_EMIT_LOC_STRINGS = YES;
				SWIFT_VERSION = 5.0;
			};
			name = Debug;
		};
		123D0F1A27421FB400C89144 /* Release */ = {
			isa = XCBuildConfiguration;
			buildSettings = {
				ASSETCATALOG_COMPILER_APPICON_NAME = AppIcon;
				ASSETCATALOG_COMPILER_GLOBAL_ACCENT_COLOR_NAME = AccentColor;
				CODE_SIGN_ENTITLEMENTS = Fragments/Fragments.entitlements;
				CODE_SIGN_IDENTITY = "-";
				CODE_SIGN_STYLE = Automatic;
				COMBINE_HIDPI_IMAGES = YES;
				CURRENT_PROJECT_VERSION = 1;
				DEVELOPMENT_ASSET_PATHS = "\"Fragments/Preview Content\"";
				DEVELOPMENT_TEAM = 42D35TL6R9;
				ENABLE_HARDENED_RUNTIME = YES;
				ENABLE_PREVIEWS = YES;
				GENERATE_INFOPLIST_FILE = YES;
				INFOPLIST_FILE = Fragments/Info.plist;
				INFOPLIST_KEY_NSHumanReadableCopyright = "";
				LD_RUNPATH_SEARCH_PATHS = (
					"$(inherited)",
					"@executable_path/../Frameworks",
				);
				MACOSX_DEPLOYMENT_TARGET = 12.0;
				MARKETING_VERSION = 1.0;
				PRODUCT_BUNDLE_IDENTIFIER = tokyo.828.Fragments;
				PRODUCT_NAME = "$(TARGET_NAME)";
				SWIFT_EMIT_LOC_STRINGS = YES;
				SWIFT_VERSION = 5.0;
			};
			name = Release;
		};
		124BC95E273A80F500F4C135 /* Debug */ = {
			isa = XCBuildConfiguration;
			buildSettings = {
				ALWAYS_SEARCH_USER_PATHS = NO;
				CLANG_ANALYZER_NONNULL = YES;
				CLANG_ANALYZER_NUMBER_OBJECT_CONVERSION = YES_AGGRESSIVE;
				CLANG_CXX_LANGUAGE_STANDARD = "gnu++17";
				CLANG_CXX_LIBRARY = "libc++";
				CLANG_ENABLE_MODULES = YES;
				CLANG_ENABLE_OBJC_ARC = YES;
				CLANG_ENABLE_OBJC_WEAK = YES;
				CLANG_WARN_BLOCK_CAPTURE_AUTORELEASING = YES;
				CLANG_WARN_BOOL_CONVERSION = YES;
				CLANG_WARN_COMMA = YES;
				CLANG_WARN_CONSTANT_CONVERSION = YES;
				CLANG_WARN_DEPRECATED_OBJC_IMPLEMENTATIONS = YES;
				CLANG_WARN_DIRECT_OBJC_ISA_USAGE = YES_ERROR;
				CLANG_WARN_DOCUMENTATION_COMMENTS = YES;
				CLANG_WARN_EMPTY_BODY = YES;
				CLANG_WARN_ENUM_CONVERSION = YES;
				CLANG_WARN_INFINITE_RECURSION = YES;
				CLANG_WARN_INT_CONVERSION = YES;
				CLANG_WARN_NON_LITERAL_NULL_CONVERSION = YES;
				CLANG_WARN_OBJC_IMPLICIT_RETAIN_SELF = YES;
				CLANG_WARN_OBJC_LITERAL_CONVERSION = YES;
				CLANG_WARN_OBJC_ROOT_CLASS = YES_ERROR;
				CLANG_WARN_QUOTED_INCLUDE_IN_FRAMEWORK_HEADER = YES;
				CLANG_WARN_RANGE_LOOP_ANALYSIS = YES;
				CLANG_WARN_STRICT_PROTOTYPES = YES;
				CLANG_WARN_SUSPICIOUS_MOVE = YES;
				CLANG_WARN_UNGUARDED_AVAILABILITY = YES_AGGRESSIVE;
				CLANG_WARN_UNREACHABLE_CODE = YES;
				CLANG_WARN__DUPLICATE_METHOD_MATCH = YES;
				COPY_PHASE_STRIP = NO;
				DEBUG_INFORMATION_FORMAT = dwarf;
				ENABLE_STRICT_OBJC_MSGSEND = YES;
				ENABLE_TESTABILITY = YES;
				GCC_C_LANGUAGE_STANDARD = gnu11;
				GCC_DYNAMIC_NO_PIC = NO;
				GCC_NO_COMMON_BLOCKS = YES;
				GCC_OPTIMIZATION_LEVEL = 0;
				GCC_PREPROCESSOR_DEFINITIONS = (
					"DEBUG=1",
					"$(inherited)",
				);
				GCC_WARN_64_TO_32_BIT_CONVERSION = YES;
				GCC_WARN_ABOUT_RETURN_TYPE = YES_ERROR;
				GCC_WARN_UNDECLARED_SELECTOR = YES;
				GCC_WARN_UNINITIALIZED_AUTOS = YES_AGGRESSIVE;
				GCC_WARN_UNUSED_FUNCTION = YES;
				GCC_WARN_UNUSED_VARIABLE = YES;
				MACOSX_DEPLOYMENT_TARGET = 12.0;
				MTL_ENABLE_DEBUG_INFO = INCLUDE_SOURCE;
				MTL_FAST_MATH = YES;
				ONLY_ACTIVE_ARCH = YES;
				SDKROOT = macosx;
				SWIFT_ACTIVE_COMPILATION_CONDITIONS = DEBUG;
				SWIFT_OPTIMIZATION_LEVEL = "-Onone";
			};
			name = Debug;
		};
		124BC95F273A80F500F4C135 /* Release */ = {
			isa = XCBuildConfiguration;
			buildSettings = {
				ALWAYS_SEARCH_USER_PATHS = NO;
				CLANG_ANALYZER_NONNULL = YES;
				CLANG_ANALYZER_NUMBER_OBJECT_CONVERSION = YES_AGGRESSIVE;
				CLANG_CXX_LANGUAGE_STANDARD = "gnu++17";
				CLANG_CXX_LIBRARY = "libc++";
				CLANG_ENABLE_MODULES = YES;
				CLANG_ENABLE_OBJC_ARC = YES;
				CLANG_ENABLE_OBJC_WEAK = YES;
				CLANG_WARN_BLOCK_CAPTURE_AUTORELEASING = YES;
				CLANG_WARN_BOOL_CONVERSION = YES;
				CLANG_WARN_COMMA = YES;
				CLANG_WARN_CONSTANT_CONVERSION = YES;
				CLANG_WARN_DEPRECATED_OBJC_IMPLEMENTATIONS = YES;
				CLANG_WARN_DIRECT_OBJC_ISA_USAGE = YES_ERROR;
				CLANG_WARN_DOCUMENTATION_COMMENTS = YES;
				CLANG_WARN_EMPTY_BODY = YES;
				CLANG_WARN_ENUM_CONVERSION = YES;
				CLANG_WARN_INFINITE_RECURSION = YES;
				CLANG_WARN_INT_CONVERSION = YES;
				CLANG_WARN_NON_LITERAL_NULL_CONVERSION = YES;
				CLANG_WARN_OBJC_IMPLICIT_RETAIN_SELF = YES;
				CLANG_WARN_OBJC_LITERAL_CONVERSION = YES;
				CLANG_WARN_OBJC_ROOT_CLASS = YES_ERROR;
				CLANG_WARN_QUOTED_INCLUDE_IN_FRAMEWORK_HEADER = YES;
				CLANG_WARN_RANGE_LOOP_ANALYSIS = YES;
				CLANG_WARN_STRICT_PROTOTYPES = YES;
				CLANG_WARN_SUSPICIOUS_MOVE = YES;
				CLANG_WARN_UNGUARDED_AVAILABILITY = YES_AGGRESSIVE;
				CLANG_WARN_UNREACHABLE_CODE = YES;
				CLANG_WARN__DUPLICATE_METHOD_MATCH = YES;
				COPY_PHASE_STRIP = NO;
				DEBUG_INFORMATION_FORMAT = "dwarf-with-dsym";
				ENABLE_NS_ASSERTIONS = NO;
				ENABLE_STRICT_OBJC_MSGSEND = YES;
				GCC_C_LANGUAGE_STANDARD = gnu11;
				GCC_NO_COMMON_BLOCKS = YES;
				GCC_WARN_64_TO_32_BIT_CONVERSION = YES;
				GCC_WARN_ABOUT_RETURN_TYPE = YES_ERROR;
				GCC_WARN_UNDECLARED_SELECTOR = YES;
				GCC_WARN_UNINITIALIZED_AUTOS = YES_AGGRESSIVE;
				GCC_WARN_UNUSED_FUNCTION = YES;
				GCC_WARN_UNUSED_VARIABLE = YES;
				MACOSX_DEPLOYMENT_TARGET = 12.0;
				MTL_ENABLE_DEBUG_INFO = NO;
				MTL_FAST_MATH = YES;
				SDKROOT = macosx;
				SWIFT_COMPILATION_MODE = wholemodule;
				SWIFT_OPTIMIZATION_LEVEL = "-O";
			};
			name = Release;
		};
		1261ADEE2744FB0300157FAF /* Debug */ = {
			isa = XCBuildConfiguration;
			buildSettings = {
				ASSETCATALOG_COMPILER_APPICON_NAME = AppIcon;
				ASSETCATALOG_COMPILER_GLOBAL_ACCENT_COLOR_NAME = AccentColor;
				CODE_SIGN_ENTITLEMENTS = QueuePlayer/QueuePlayer.entitlements;
				CODE_SIGN_STYLE = Automatic;
				COMBINE_HIDPI_IMAGES = YES;
				CURRENT_PROJECT_VERSION = 1;
				DEVELOPMENT_ASSET_PATHS = "\"QueuePlayer/Preview Content\"";
				DEVELOPMENT_TEAM = 42D35TL6R9;
				ENABLE_HARDENED_RUNTIME = YES;
				ENABLE_PREVIEWS = YES;
				GENERATE_INFOPLIST_FILE = YES;
				INFOPLIST_KEY_NSHumanReadableCopyright = "";
				LD_RUNPATH_SEARCH_PATHS = (
					"$(inherited)",
					"@executable_path/../Frameworks",
				);
				MARKETING_VERSION = 1.0;
				PRODUCT_BUNDLE_IDENTIFIER = tokyo.828.QueuePlayer;
				PRODUCT_NAME = "$(TARGET_NAME)";
				SWIFT_EMIT_LOC_STRINGS = YES;
				SWIFT_VERSION = 5.0;
			};
			name = Debug;
		};
		1261ADEF2744FB0300157FAF /* Release */ = {
			isa = XCBuildConfiguration;
			buildSettings = {
				ASSETCATALOG_COMPILER_APPICON_NAME = AppIcon;
				ASSETCATALOG_COMPILER_GLOBAL_ACCENT_COLOR_NAME = AccentColor;
				CODE_SIGN_ENTITLEMENTS = QueuePlayer/QueuePlayer.entitlements;
				CODE_SIGN_STYLE = Automatic;
				COMBINE_HIDPI_IMAGES = YES;
				CURRENT_PROJECT_VERSION = 1;
				DEVELOPMENT_ASSET_PATHS = "\"QueuePlayer/Preview Content\"";
				DEVELOPMENT_TEAM = 42D35TL6R9;
				ENABLE_HARDENED_RUNTIME = YES;
				ENABLE_PREVIEWS = YES;
				GENERATE_INFOPLIST_FILE = YES;
				INFOPLIST_KEY_NSHumanReadableCopyright = "";
				LD_RUNPATH_SEARCH_PATHS = (
					"$(inherited)",
					"@executable_path/../Frameworks",
				);
				MARKETING_VERSION = 1.0;
				PRODUCT_BUNDLE_IDENTIFIER = tokyo.828.QueuePlayer;
				PRODUCT_NAME = "$(TARGET_NAME)";
				SWIFT_EMIT_LOC_STRINGS = YES;
				SWIFT_VERSION = 5.0;
			};
			name = Release;
		};
		1261AE02274618E300157FAF /* Debug */ = {
			isa = XCBuildConfiguration;
			buildSettings = {
				ASSETCATALOG_COMPILER_APPICON_NAME = AppIcon;
				ASSETCATALOG_COMPILER_GLOBAL_ACCENT_COLOR_NAME = AccentColor;
				CODE_SIGN_ENTITLEMENTS = NHK/NHK.entitlements;
				CODE_SIGN_STYLE = Automatic;
				COMBINE_HIDPI_IMAGES = YES;
				CURRENT_PROJECT_VERSION = 1;
				DEVELOPMENT_ASSET_PATHS = "\"NHK/Preview Content\"";
				DEVELOPMENT_TEAM = 42D35TL6R9;
				ENABLE_HARDENED_RUNTIME = YES;
				ENABLE_PREVIEWS = YES;
				GENERATE_INFOPLIST_FILE = YES;
				INFOPLIST_KEY_NSHumanReadableCopyright = "";
				LD_RUNPATH_SEARCH_PATHS = (
					"$(inherited)",
					"@executable_path/../Frameworks",
				);
				MARKETING_VERSION = 1.0;
				PRODUCT_BUNDLE_IDENTIFIER = tokyo.828.NHK;
				PRODUCT_NAME = "$(TARGET_NAME)";
				SWIFT_EMIT_LOC_STRINGS = YES;
				SWIFT_VERSION = 5.0;
			};
			name = Debug;
		};
		1261AE03274618E300157FAF /* Release */ = {
			isa = XCBuildConfiguration;
			buildSettings = {
				ASSETCATALOG_COMPILER_APPICON_NAME = AppIcon;
				ASSETCATALOG_COMPILER_GLOBAL_ACCENT_COLOR_NAME = AccentColor;
				CODE_SIGN_ENTITLEMENTS = NHK/NHK.entitlements;
				CODE_SIGN_STYLE = Automatic;
				COMBINE_HIDPI_IMAGES = YES;
				CURRENT_PROJECT_VERSION = 1;
				DEVELOPMENT_ASSET_PATHS = "\"NHK/Preview Content\"";
				DEVELOPMENT_TEAM = 42D35TL6R9;
				ENABLE_HARDENED_RUNTIME = YES;
				ENABLE_PREVIEWS = YES;
				GENERATE_INFOPLIST_FILE = YES;
				INFOPLIST_KEY_NSHumanReadableCopyright = "";
				LD_RUNPATH_SEARCH_PATHS = (
					"$(inherited)",
					"@executable_path/../Frameworks",
				);
				MARKETING_VERSION = 1.0;
				PRODUCT_BUNDLE_IDENTIFIER = tokyo.828.NHK;
				PRODUCT_NAME = "$(TARGET_NAME)";
				SWIFT_EMIT_LOC_STRINGS = YES;
				SWIFT_VERSION = 5.0;
			};
			name = Release;
		};
		129F9E86273F832D0046E1E3 /* Debug */ = {
			isa = XCBuildConfiguration;
			buildSettings = {
				ASSETCATALOG_COMPILER_APPICON_NAME = AppIcon;
				ASSETCATALOG_COMPILER_GLOBAL_ACCENT_COLOR_NAME = AccentColor;
				CODE_SIGN_ENTITLEMENTS = macOS/macOS.entitlements;
				CODE_SIGN_IDENTITY = "-";
				CODE_SIGN_STYLE = Automatic;
				COMBINE_HIDPI_IMAGES = YES;
				CURRENT_PROJECT_VERSION = 1;
				DEVELOPMENT_ASSET_PATHS = "\"macOS/Preview Content\"";
				DEVELOPMENT_TEAM = 42D35TL6R9;
				ENABLE_HARDENED_RUNTIME = YES;
				ENABLE_PREVIEWS = YES;
				GENERATE_INFOPLIST_FILE = YES;
				INFOPLIST_KEY_NSHumanReadableCopyright = "";
				LD_RUNPATH_SEARCH_PATHS = (
					"$(inherited)",
					"@executable_path/../Frameworks",
				);
				MACOSX_DEPLOYMENT_TARGET = 12.0;
				MARKETING_VERSION = 1.0;
				PRODUCT_BUNDLE_IDENTIFIER = tokyo.828.macOS;
				PRODUCT_NAME = "$(TARGET_NAME)";
				SWIFT_EMIT_LOC_STRINGS = YES;
				SWIFT_VERSION = 5.0;
			};
			name = Debug;
		};
		129F9E87273F832D0046E1E3 /* Release */ = {
			isa = XCBuildConfiguration;
			buildSettings = {
				ASSETCATALOG_COMPILER_APPICON_NAME = AppIcon;
				ASSETCATALOG_COMPILER_GLOBAL_ACCENT_COLOR_NAME = AccentColor;
				CODE_SIGN_ENTITLEMENTS = macOS/macOS.entitlements;
				CODE_SIGN_IDENTITY = "-";
				CODE_SIGN_STYLE = Automatic;
				COMBINE_HIDPI_IMAGES = YES;
				CURRENT_PROJECT_VERSION = 1;
				DEVELOPMENT_ASSET_PATHS = "\"macOS/Preview Content\"";
				DEVELOPMENT_TEAM = 42D35TL6R9;
				ENABLE_HARDENED_RUNTIME = YES;
				ENABLE_PREVIEWS = YES;
				GENERATE_INFOPLIST_FILE = YES;
				INFOPLIST_KEY_NSHumanReadableCopyright = "";
				LD_RUNPATH_SEARCH_PATHS = (
					"$(inherited)",
					"@executable_path/../Frameworks",
				);
				MACOSX_DEPLOYMENT_TARGET = 12.0;
				MARKETING_VERSION = 1.0;
				PRODUCT_BUNDLE_IDENTIFIER = tokyo.828.macOS;
				PRODUCT_NAME = "$(TARGET_NAME)";
				SWIFT_EMIT_LOC_STRINGS = YES;
				SWIFT_VERSION = 5.0;
			};
			name = Release;
		};
		129F9E9A273F85A30046E1E3 /* Debug */ = {
			isa = XCBuildConfiguration;
			buildSettings = {
				ASSETCATALOG_COMPILER_APPICON_NAME = AppIcon;
				ASSETCATALOG_COMPILER_GLOBAL_ACCENT_COLOR_NAME = AccentColor;
				CODE_SIGN_ENTITLEMENTS = Comparator/Comparator.entitlements;
				CODE_SIGN_IDENTITY = "-";
				CODE_SIGN_STYLE = Automatic;
				COMBINE_HIDPI_IMAGES = YES;
				CURRENT_PROJECT_VERSION = 1;
				DEVELOPMENT_ASSET_PATHS = "\"Comparator/Preview Content\"";
				DEVELOPMENT_TEAM = 42D35TL6R9;
				ENABLE_HARDENED_RUNTIME = YES;
				ENABLE_PREVIEWS = YES;
				GENERATE_INFOPLIST_FILE = YES;
				INFOPLIST_KEY_NSHumanReadableCopyright = "";
				LD_RUNPATH_SEARCH_PATHS = (
					"$(inherited)",
					"@executable_path/../Frameworks",
				);
				MACOSX_DEPLOYMENT_TARGET = 12.0;
				MARKETING_VERSION = 1.0;
				PRODUCT_BUNDLE_IDENTIFIER = tokyo.828.Comparator;
				PRODUCT_NAME = "$(TARGET_NAME)";
				SWIFT_EMIT_LOC_STRINGS = YES;
				SWIFT_VERSION = 5.0;
			};
			name = Debug;
		};
		129F9E9B273F85A30046E1E3 /* Release */ = {
			isa = XCBuildConfiguration;
			buildSettings = {
				ASSETCATALOG_COMPILER_APPICON_NAME = AppIcon;
				ASSETCATALOG_COMPILER_GLOBAL_ACCENT_COLOR_NAME = AccentColor;
				CODE_SIGN_ENTITLEMENTS = Comparator/Comparator.entitlements;
				CODE_SIGN_IDENTITY = "-";
				CODE_SIGN_STYLE = Automatic;
				COMBINE_HIDPI_IMAGES = YES;
				CURRENT_PROJECT_VERSION = 1;
				DEVELOPMENT_ASSET_PATHS = "\"Comparator/Preview Content\"";
				DEVELOPMENT_TEAM = 42D35TL6R9;
				ENABLE_HARDENED_RUNTIME = YES;
				ENABLE_PREVIEWS = YES;
				GENERATE_INFOPLIST_FILE = YES;
				INFOPLIST_KEY_NSHumanReadableCopyright = "";
				LD_RUNPATH_SEARCH_PATHS = (
					"$(inherited)",
					"@executable_path/../Frameworks",
				);
				MACOSX_DEPLOYMENT_TARGET = 12.0;
				MARKETING_VERSION = 1.0;
				PRODUCT_BUNDLE_IDENTIFIER = tokyo.828.Comparator;
				PRODUCT_NAME = "$(TARGET_NAME)";
				SWIFT_EMIT_LOC_STRINGS = YES;
				SWIFT_VERSION = 5.0;
			};
			name = Release;
		};
/* End XCBuildConfiguration section */

/* Begin XCConfigurationList section */
		123D0F1B27421FB400C89144 /* Build configuration list for PBXNativeTarget "Fragments" */ = {
			isa = XCConfigurationList;
			buildConfigurations = (
				123D0F1927421FB400C89144 /* Debug */,
				123D0F1A27421FB400C89144 /* Release */,
			);
			defaultConfigurationIsVisible = 0;
			defaultConfigurationName = Release;
		};
		124BC94C273A80F400F4C135 /* Build configuration list for PBXProject "Videos" */ = {
			isa = XCConfigurationList;
			buildConfigurations = (
				124BC95E273A80F500F4C135 /* Debug */,
				124BC95F273A80F500F4C135 /* Release */,
			);
			defaultConfigurationIsVisible = 0;
			defaultConfigurationName = Release;
		};
		1261ADED2744FB0300157FAF /* Build configuration list for PBXNativeTarget "QueuePlayer" */ = {
			isa = XCConfigurationList;
			buildConfigurations = (
				1261ADEE2744FB0300157FAF /* Debug */,
				1261ADEF2744FB0300157FAF /* Release */,
			);
			defaultConfigurationIsVisible = 0;
			defaultConfigurationName = Release;
		};
		1261AE01274618E300157FAF /* Build configuration list for PBXNativeTarget "NHK" */ = {
			isa = XCConfigurationList;
			buildConfigurations = (
				1261AE02274618E300157FAF /* Debug */,
				1261AE03274618E300157FAF /* Release */,
			);
			defaultConfigurationIsVisible = 0;
			defaultConfigurationName = Release;
		};
		129F9E88273F832D0046E1E3 /* Build configuration list for PBXNativeTarget "macOS" */ = {
			isa = XCConfigurationList;
			buildConfigurations = (
				129F9E86273F832D0046E1E3 /* Debug */,
				129F9E87273F832D0046E1E3 /* Release */,
			);
			defaultConfigurationIsVisible = 0;
			defaultConfigurationName = Release;
		};
		129F9E99273F85A30046E1E3 /* Build configuration list for PBXNativeTarget "Comparator" */ = {
			isa = XCConfigurationList;
			buildConfigurations = (
				129F9E9A273F85A30046E1E3 /* Debug */,
				129F9E9B273F85A30046E1E3 /* Release */,
			);
			defaultConfigurationIsVisible = 0;
			defaultConfigurationName = Release;
		};
/* End XCConfigurationList section */
	};
	rootObject = 124BC949273A80F400F4C135 /* Project object */;
}
